
Microsoft Visual Studio Solution File, Format Version 12.00
# Visual Studio Version 17
VisualStudioVersion = 17.8.34330.188
MinimumVisualStudioVersion = 10.0.40219.1
Project("{FAE04EC0-301F-11D3-BF4B-00C04F79EFBC}") = "ThreadingDemo", "ThreadingDemo\ThreadingDemo.csproj", "{1CB41B08-BC62-47E5-AB95-164B79003CBC}"
EndProject
Global
	GlobalSection(SolutionConfigurationPlatforms) = preSolution
		Debug|Any CPU = Debug|Any CPU
		Release|Any CPU = Release|Any CPU
	EndGlobalSection
	GlobalSection(ProjectConfigurationPlatforms) = postSolution
		{1CB41B08-BC62-47E5-AB95-164B79003CBC}.Debug|Any CPU.ActiveCfg = Debug|Any CPU
		{1CB41B08-BC62-47E5-AB95-164B79003CBC}.Debug|Any CPU.Build.0 = Debug|Any CPU
		{1CB41B08-BC62-47E5-AB95-164B79003CBC}.Release|Any CPU.ActiveCfg = Release|Any CPU
		{1CB41B08-BC62-47E5-AB95-164B79003CBC}.Release|Any CPU.Build.0 = Release|Any CPU
	EndGlobalSection
	GlobalSection(SolutionProperties) = preSolution
		HideSolutionNode = FALSE
	EndGlobalSection
	GlobalSection(ExtensibilityGlobals) = postSolution
		SolutionGuid = {A9939F69-306E-462D-8FA8-FF8BFA2F7A34}
	EndGlobalSection
EndGlobal
